
Microsoft Visual Studio Solution File, Format Version 12.00
# Visual Studio Version 16
VisualStudioVersion = 16.0.31019.35
MinimumVisualStudioVersion = 10.0.40219.1
Project("{8BC9CEB8-8B4A-11D0-8D11-00A0C91BC942}") = "opengl2", "opengl2\opengl2.vcxproj", "{F8AC32E0-6C57-4A94-82AF-43957E98C002}"
EndProject
Project("{8BC9CEB8-8B4A-11D0-8D11-00A0C91BC942}") = "LearnOpenGL", "LearnOpenGL\LearnOpenGL.vcxproj", "{04F56523-0504-4584-806C-32E8B5A10B1A}"
EndProject
Project("{8BC9CEB8-8B4A-11D0-8D11-00A0C91BC942}") = "minecraft", "minecraft\minecraft.vcxproj", "{225E634E-BF8A-414D-B5DC-2E60F39DBE46}"
EndProject
Global
	GlobalSection(SolutionConfigurationPlatforms) = preSolution
		Debug|x64 = Debug|x64
		Debug|x86 = Debug|x86
		Release|x64 = Release|x64
		Release|x86 = Release|x86
	EndGlobalSection
	GlobalSection(ProjectConfigurationPlatforms) = postSolution
		{F8AC32E0-6C57-4A94-82AF-43957E98C002}.Debug|x64.ActiveCfg = Debug|x64
		{F8AC32E0-6C57-4A94-82AF-43957E98C002}.Debug|x64.Build.0 = Debug|x64
		{F8AC32E0-6C57-4A94-82AF-43957E98C002}.Debug|x86.ActiveCfg = Debug|Win32
		{F8AC32E0-6C57-4A94-82AF-43957E98C002}.Debug|x86.Build.0 = Debug|Win32
		{F8AC32E0-6C57-4A94-82AF-43957E98C002}.Release|x64.ActiveCfg = Release|x64
		{F8AC32E0-6C57-4A94-82AF-43957E98C002}.Release|x64.Build.0 = Release|x64
		{F8AC32E0-6C57-4A94-82AF-43957E98C002}.Release|x86.ActiveCfg = Release|Win32
		{F8AC32E0-6C57-4A94-82AF-43957E98C002}.Release|x86.Build.0 = Release|Win32
		{04F56523-0504-4584-806C-32E8B5A10B1A}.Debug|x64.ActiveCfg = Debug|x64
		{04F56523-0504-4584-806C-32E8B5A10B1A}.Debug|x64.Build.0 = Debug|x64
		{04F56523-0504-4584-806C-32E8B5A10B1A}.Debug|x86.ActiveCfg = Debug|Win32
		{04F56523-0504-4584-806C-32E8B5A10B1A}.Debug|x86.Build.0 = Debug|Win32
		{04F56523-0504-4584-806C-32E8B5A10B1A}.Release|x64.ActiveCfg = Release|x64
		{04F56523-0504-4584-806C-32E8B5A10B1A}.Release|x64.Build.0 = Release|x64
		{04F56523-0504-4584-806C-32E8B5A10B1A}.Release|x86.ActiveCfg = Release|Win32
		{04F56523-0504-4584-806C-32E8B5A10B1A}.Release|x86.Build.0 = Release|Win32
		{225E634E-BF8A-414D-B5DC-2E60F39DBE46}.Debug|x64.ActiveCfg = Debug|x64
		{225E634E-BF8A-414D-B5DC-2E60F39DBE46}.Debug|x64.Build.0 = Debug|x64
		{225E634E-BF8A-414D-B5DC-2E60F39DBE46}.Debug|x86.ActiveCfg = Debug|Win32
		{225E634E-BF8A-414D-B5DC-2E60F39DBE46}.Debug|x86.Build.0 = Debug|Win32
		{225E634E-BF8A-414D-B5DC-2E60F39DBE46}.Release|x64.ActiveCfg = Release|x64
		{225E634E-BF8A-414D-B5DC-2E60F39DBE46}.Release|x64.Build.0 = Release|x64
		{225E634E-BF8A-414D-B5DC-2E60F39DBE46}.Release|x86.ActiveCfg = Release|Win32
		{225E634E-BF8A-414D-B5DC-2E60F39DBE46}.Release|x86.Build.0 = Release|Win32
	EndGlobalSection
	GlobalSection(SolutionProperties) = preSolution
		HideSolutionNode = FALSE
	EndGlobalSection
	GlobalSection(ExtensibilityGlobals) = postSolution
		SolutionGuid = {458049FA-615D-4C07-8AFD-63DC828DB17D}
	EndGlobalSection
EndGlobal
